
Microsoft Visual Studio Solution File, Format Version 12.00
# Visual Studio 15
VisualStudioVersion = 15.0.27703.2035
MinimumVisualStudioVersion = 10.0.40219.1
Project("{FAE04EC0-301F-11D3-BF4B-00C04F79EFBC}") = "TCP_IP_Sever", "TCP_IP_Sever\TCP_IP_Sever.csproj", "{C377F788-B40A-42A3-9B43-3E0623E57107}"
EndProject
Project("{FAE04EC0-301F-11D3-BF4B-00C04F79EFBC}") = "TCP_IP_Client", "TCP_IP_Client\TCP_IP_Client.csproj", "{90F1A472-7C51-4E5E-A9C8-C0CF921A5BC3}"
EndProject
Global
	GlobalSection(SolutionConfigurationPlatforms) = preSolution
		Debug|Any CPU = Debug|Any CPU
		Release|Any CPU = Release|Any CPU
	EndGlobalSection
	GlobalSection(ProjectConfigurationPlatforms) = postSolution
		{C377F788-B40A-42A3-9B43-3E0623E57107}.Debug|Any CPU.ActiveCfg = Debug|Any CPU
		{C377F788-B40A-42A3-9B43-3E0623E57107}.Debug|Any CPU.Build.0 = Debug|Any CPU
		{C377F788-B40A-42A3-9B43-3E0623E57107}.Release|Any CPU.ActiveCfg = Release|Any CPU
		{C377F788-B40A-42A3-9B43-3E0623E57107}.Release|Any CPU.Build.0 = Release|Any CPU
		{90F1A472-7C51-4E5E-A9C8-C0CF921A5BC3}.Debug|Any CPU.ActiveCfg = Debug|Any CPU
		{90F1A472-7C51-4E5E-A9C8-C0CF921A5BC3}.Debug|Any CPU.Build.0 = Debug|Any CPU
		{90F1A472-7C51-4E5E-A9C8-C0CF921A5BC3}.Release|Any CPU.ActiveCfg = Release|Any CPU
		{90F1A472-7C51-4E5E-A9C8-C0CF921A5BC3}.Release|Any CPU.Build.0 = Release|Any CPU
	EndGlobalSection
	GlobalSection(SolutionProperties) = preSolution
		HideSolutionNode = FALSE
	EndGlobalSection
	GlobalSection(ExtensibilityGlobals) = postSolution
		SolutionGuid = {45B1FA00-B60C-43C6-9C2F-2983545CD182}
	EndGlobalSection
EndGlobal
